
Microsoft Visual Studio Solution File, Format Version 12.00
# Visual Studio 15
VisualStudioVersion = 15.0.28010.2048
MinimumVisualStudioVersion = 10.0.40219.1
Project("{FAE04EC0-301F-11D3-BF4B-00C04F79EFBC}") = "winparser", "winparser\winparser.csproj", "{9A9EA13B-9C47-42E8-9614-EF6F17AB4EB6}"
EndProject
Project("{FAE04EC0-301F-11D3-BF4B-00C04F79EFBC}") = "parser", "parser\parser.csproj", "{4A089EA1-E6DB-478F-8D00-24BD4BF8CC9B}"
EndProject
Project("{FAE04EC0-301F-11D3-BF4B-00C04F79EFBC}") = "EQSpellParser", "core\EQSpellParser.csproj", "{64207F72-0AF8-4852-AA38-AF0B072D4C24}"
EndProject
Global
	GlobalSection(SolutionConfigurationPlatforms) = preSolution
		Debug|Any CPU = Debug|Any CPU
		Release|Any CPU = Release|Any CPU
	EndGlobalSection
	GlobalSection(ProjectConfigurationPlatforms) = postSolution
		{9A9EA13B-9C47-42E8-9614-EF6F17AB4EB6}.Debug|Any CPU.ActiveCfg = Debug|Any CPU
		{9A9EA13B-9C47-42E8-9614-EF6F17AB4EB6}.Debug|Any CPU.Build.0 = Debug|Any CPU
		{9A9EA13B-9C47-42E8-9614-EF6F17AB4EB6}.Release|Any CPU.ActiveCfg = Release|Any CPU
		{9A9EA13B-9C47-42E8-9614-EF6F17AB4EB6}.Release|Any CPU.Build.0 = Release|Any CPU
		{4A089EA1-E6DB-478F-8D00-24BD4BF8CC9B}.Debug|Any CPU.ActiveCfg = Debug|Any CPU
		{4A089EA1-E6DB-478F-8D00-24BD4BF8CC9B}.Debug|Any CPU.Build.0 = Debug|Any CPU
		{4A089EA1-E6DB-478F-8D00-24BD4BF8CC9B}.Release|Any CPU.ActiveCfg = Release|Any CPU
		{4A089EA1-E6DB-478F-8D00-24BD4BF8CC9B}.Release|Any CPU.Build.0 = Release|Any CPU
		{64207F72-0AF8-4852-AA38-AF0B072D4C24}.Debug|Any CPU.ActiveCfg = Debug|Any CPU
		{64207F72-0AF8-4852-AA38-AF0B072D4C24}.Debug|Any CPU.Build.0 = Debug|Any CPU
		{64207F72-0AF8-4852-AA38-AF0B072D4C24}.Release|Any CPU.ActiveCfg = Release|Any CPU
		{64207F72-0AF8-4852-AA38-AF0B072D4C24}.Release|Any CPU.Build.0 = Release|Any CPU
	EndGlobalSection
	GlobalSection(SolutionProperties) = preSolution
		HideSolutionNode = FALSE
	EndGlobalSection
	GlobalSection(ExtensibilityGlobals) = postSolution
		SolutionGuid = {C335E7C6-5EA1-45DA-9974-26B94B267959}
	EndGlobalSection
EndGlobal
