
Microsoft Visual Studio Solution File, Format Version 10.00
# Visual Studio 2008
Project("{FAE04EC0-301F-11D3-BF4B-00C04F79EFBC}") = "parser", "parser.csproj", "{4A089EA1-E6DB-478F-8D00-24BD4BF8CC9B}"
EndProject
Project("{FAE04EC0-301F-11D3-BF4B-00C04F79EFBC}") = "winparser", "winparser\winparser.csproj", "{9A9EA13B-9C47-42E8-9614-EF6F17AB4EB6}"
EndProject
Global
	GlobalSection(SolutionConfigurationPlatforms) = preSolution
		Debug|Any CPU = Debug|Any CPU
		Release|Any CPU = Release|Any CPU
	EndGlobalSection
	GlobalSection(ProjectConfigurationPlatforms) = postSolution
		{4A089EA1-E6DB-478F-8D00-24BD4BF8CC9B}.Debug|Any CPU.ActiveCfg = Debug|Any CPU
		{4A089EA1-E6DB-478F-8D00-24BD4BF8CC9B}.Debug|Any CPU.Build.0 = Debug|Any CPU
		{4A089EA1-E6DB-478F-8D00-24BD4BF8CC9B}.Release|Any CPU.ActiveCfg = Release|Any CPU
		{4A089EA1-E6DB-478F-8D00-24BD4BF8CC9B}.Release|Any CPU.Build.0 = Release|Any CPU
		{9A9EA13B-9C47-42E8-9614-EF6F17AB4EB6}.Debug|Any CPU.ActiveCfg = Debug|Any CPU
		{9A9EA13B-9C47-42E8-9614-EF6F17AB4EB6}.Debug|Any CPU.Build.0 = Debug|Any CPU
		{9A9EA13B-9C47-42E8-9614-EF6F17AB4EB6}.Release|Any CPU.ActiveCfg = Release|Any CPU
		{9A9EA13B-9C47-42E8-9614-EF6F17AB4EB6}.Release|Any CPU.Build.0 = Release|Any CPU
	EndGlobalSection
	GlobalSection(SolutionProperties) = preSolution
		HideSolutionNode = FALSE
	EndGlobalSection
EndGlobal
